
Microsoft Visual Studio Solution File, Format Version 12.00
# Visual Studio 15
VisualStudioVersion = 15.0.28307.136
MinimumVisualStudioVersion = 10.0.40219.1
Project("{FAE04EC0-301F-11D3-BF4B-00C04F79EFBC}") = "SwaggerAspCoreOData", "SwaggerAspCoreOData\SwaggerAspCoreOData.csproj", "{5A0765A2-4356-43A3-A1E5-B42C036AE7A1}"
EndProject
Global
	GlobalSection(SolutionConfigurationPlatforms) = preSolution
		Debug|Any CPU = Debug|Any CPU
		Release|Any CPU = Release|Any CPU
	EndGlobalSection
	GlobalSection(ProjectConfigurationPlatforms) = postSolution
		{5A0765A2-4356-43A3-A1E5-B42C036AE7A1}.Debug|Any CPU.ActiveCfg = Debug|Any CPU
		{5A0765A2-4356-43A3-A1E5-B42C036AE7A1}.Debug|Any CPU.Build.0 = Debug|Any CPU
		{5A0765A2-4356-43A3-A1E5-B42C036AE7A1}.Release|Any CPU.ActiveCfg = Release|Any CPU
		{5A0765A2-4356-43A3-A1E5-B42C036AE7A1}.Release|Any CPU.Build.0 = Release|Any CPU
	EndGlobalSection
	GlobalSection(SolutionProperties) = preSolution
		HideSolutionNode = FALSE
	EndGlobalSection
	GlobalSection(ExtensibilityGlobals) = postSolution
		SolutionGuid = {3B8A1FED-CE04-4FCF-BF51-1F92F84D0F09}
	EndGlobalSection
EndGlobal
